{
  "lockfileVersion": 1,
  "configVersion": 1,
  "workspaces": {
    "": {
      "name": "agenttab",
    },
    "packages/extension": {
      "name": "@getagenttab/extension",
      "version": "2.0.0-rc.1",
      "devDependencies": {
        "@types/bun": "^1.2.23",
        "@types/chrome": "^0.1.36",
        "typescript": "^5.9.3",
      },
    },
    "packages/gpt-control-driver": {
      "name": "@getagenttab/gpt-control-driver",
      "version": "2.0.0-rc.1",
      "bin": {
        "agenttab-gpt-control-driver": "dist/driver.mjs",
      },
      "devDependencies": {
        "@types/bun": "^1.2.23",
        "@types/node": "^24.5.2",
        "node-html-parser": "^7.0.1",
        "typescript": "^5.9.3",
      },
    },
    "packages/installer": {
      "name": "agenttab",
      "version": "2.0.0-rc.1",
      "bin": {
        "agenttab": "dist/cli.mjs",
      },
      "devDependencies": {
        "@types/bun": "^1.2.23",
        "@types/node": "^24.5.2",
        "typescript": "^5.9.3",
        "yaml": "^2.8.1",
      },
    },
    "packages/mcp": {
      "name": "agenttab-mcp",
      "version": "2.0.0-rc.1",
      "bin": {
        "agenttab-mcp": "dist/server.mjs",
      },
      "devDependencies": {
        "@types/bun": "^1.2.23",
        "@types/node": "^24.5.2",
        "typescript": "^5.9.3",
      },
    },
    "packages/omp": {
      "name": "@getagenttab/omp",
      "version": "2.0.0-rc.1",
      "dependencies": {
        "typebox": "^1.3.7",
      },
      "devDependencies": {
        "@types/bun": "^1.2.23",
        "@types/node": "^24.5.2",
        "typescript": "^5.9.3",
      },
    },
    "packages/sdk-typescript": {
      "name": "@getagenttab/sdk",
      "version": "2.0.0-rc.1",
      "devDependencies": {
        "@types/bun": "^1.2.23",
        "@types/node": "^24.5.2",
        "typescript": "^5.9.3",
      },
    },
    "packages/site": {
      "name": "@getagenttab/site",
      "version": "2.0.0-rc.1",
      "devDependencies": {
        "@types/bun": "^1.2.23",
        "@types/node": "^24.5.2",
        "typescript": "^5.9.3",
      },
    },
  },
  "packages": {
    "@getagenttab/extension": ["@getagenttab/extension@workspace:packages/extension"],

    "@getagenttab/gpt-control-driver": ["@getagenttab/gpt-control-driver@workspace:packages/gpt-control-driver"],

    "@getagenttab/omp": ["@getagenttab/omp@workspace:packages/omp"],

    "@getagenttab/sdk": ["@getagenttab/sdk@workspace:packages/sdk-typescript"],

    "@getagenttab/site": ["@getagenttab/site@workspace:packages/site"],

    "@types/bun": ["@types/bun@1.4.0", "", { "dependencies": { "bun-types": "1.4.0" } }, "sha512-K+lZULY23vRgK/CfTjFIV+tyifaNdSMlPh9j+6mQ/cLfpOznLyAuzgV/JQysyECpkBQLVMSyvjlr2fBUSA9wFQ=="],

    "@types/chrome": ["@types/chrome@0.1.43", "", { "dependencies": { "@types/filesystem": "*", "@types/har-format": "*" } }, "sha512-ukH/HhmR6ht+UTX3PLUWJxgJ/RQcK2Foj4lBzsF24SIWsXgqhGuXqjd8FFuwioPP7d/JUKLM4g8GZxw3F4HTcA=="],

    "@types/filesystem": ["@types/filesystem@0.0.36", "", { "dependencies": { "@types/filewriter": "*" } }, "sha512-vPDXOZuannb9FZdxgHnqSwAG/jvdGM8Wq+6N4D/d80z+D4HWH+bItqsZaVRQykAn6WEVeEkLm2oQigyHtgb0RA=="],

    "@types/filewriter": ["@types/filewriter@0.0.33", "", {}, "sha512-xFU8ZXTw4gd358lb2jw25nxY9QAgqn2+bKKjKOYfNCzN4DKCFetK7sPtrlpg66Ywe3vWY9FNxprZawAh9wfJ3g=="],

    "@types/har-format": ["@types/har-format@1.2.16", "", {}, "sha512-fluxdy7ryD3MV6h8pTfTYpy/xQzCFC7m89nOH9y94cNqJ1mDIDPut7MnRHI3F6qRmh/cT2fUjG1MLdCNb4hE9A=="],

    "@types/node": ["@types/node@24.13.3", "", { "dependencies": { "undici-types": "~7.18.0" } }, "sha512-Dh8vAsV36ig5wa9OX4pXvMc9D3Veibfw2wix0CUwYODLD8nkj9UsLjASr49nPg+2eKzxhBV+v7L8pXvT4e639Q=="],

    "agenttab": ["agenttab@workspace:packages/installer"],

    "agenttab-mcp": ["agenttab-mcp@workspace:packages/mcp"],

    "boolbase": ["boolbase@1.0.0", "", {}, "sha512-JZOSA7Mo9sNGB8+UjSgzdLtokWAky1zbztM3WRLCbZ70/3cTANmQmOdR7y2g+J0e2WXywy1yS468tY+IruqEww=="],

    "bun-types": ["bun-types@1.4.0", "", { "dependencies": { "@types/node": "*" } }, "sha512-iIKw23BspnQQYd3prITOBxeUsxBHnwzX6YJfGMuNOZzeNcMmVqzIIVGRm1l69ogaPQmb4wB6BN8mA5bE9YuC5Q=="],

    "css-select": ["css-select@5.2.2", "", { "dependencies": { "boolbase": "^1.0.0", "css-what": "^6.1.0", "domhandler": "^5.0.2", "domutils": "^3.0.1", "nth-check": "^2.0.1" } }, "sha512-TizTzUddG/xYLA3NXodFM0fSbNizXjOKhqiQQwvhlspadZokn1KDy0NZFS0wuEubIYAV5/c1/lAr0TaaFXEXzw=="],

    "css-what": ["css-what@6.2.2", "", {}, "sha512-u/O3vwbptzhMs3L1fQE82ZSLHQQfto5gyZzwteVIEyeaY5Fc7R4dapF/BvRoSYFeqfBk4m0V1Vafq5Pjv25wvA=="],

    "dom-serializer": ["dom-serializer@2.0.0", "", { "dependencies": { "domelementtype": "^2.3.0", "domhandler": "^5.0.2", "entities": "^4.2.0" } }, "sha512-wIkAryiqt/nV5EQKqQpo3SToSOV9J0DnbJqwK7Wv/Trc92zIAYZ4FlMu+JPFW1DfGFt81ZTCGgDEabffXeLyJg=="],

    "domelementtype": ["domelementtype@2.3.0", "", {}, "sha512-OLETBj6w0OsagBwdXnPdN0cnMfF9opN69co+7ZrbfPGrdpPVNBUj02spi6B1N7wChLQiPn4CSH/zJvXw56gmHw=="],

    "domhandler": ["domhandler@5.0.3", "", { "dependencies": { "domelementtype": "^2.3.0" } }, "sha512-cgwlv/1iFQiFnU96XXgROh8xTeetsnJiDsTc7TYCLFd9+/WNkIqPTxiM/8pSd8VIrhXGTf1Ny1q1hquVqDJB5w=="],

    "domutils": ["domutils@3.2.2", "", { "dependencies": { "dom-serializer": "^2.0.0", "domelementtype": "^2.3.0", "domhandler": "^5.0.3" } }, "sha512-6kZKyUajlDuqlHKVX1w7gyslj9MPIXzIFiz/rGu35uC1wMi+kMhQwGhl4lt9unC9Vb9INnY9Z3/ZA3+FhASLaw=="],

    "entities": ["entities@4.5.0", "", {}, "sha512-V0hjH4dGPh9Ao5p0MoRY6BVqtwCjhz6vI5LT8AJ55H+4g9/4vbHx1I54fS0XuclLhDHArPQCiMjDxjaL8fPxhw=="],

    "he": ["he@1.2.0", "", { "bin": { "he": "bin/he" } }, "sha512-F/1DnUGPopORZi0ni+CvrCgHQ5FyEAHRLSApuYWMmrbSwoN2Mn/7k+Gl38gJnR7yyDZk6WLXwiGod1JOWNDKGw=="],

    "node-html-parser": ["node-html-parser@7.1.0", "", { "dependencies": { "css-select": "^5.1.0", "he": "1.2.0" } }, "sha512-iJo8b2uYGT40Y8BTyy5ufL6IVbN8rbm/1QK2xffXU/1a/v3AAa0d1YAoqBNYqaS4R/HajkWIpIfdE6KcyFh1AQ=="],

    "nth-check": ["nth-check@2.1.1", "", { "dependencies": { "boolbase": "^1.0.0" } }, "sha512-lqjrjmaOoAnWfMmBPL+XNnynZh2+swxiX3WUE0s4yEHI6m+AwrK2UZOimIRl3X/4QctVqS8AiZjFqyOGrMXb/w=="],

    "typebox": ["typebox@1.3.22", "", {}, "sha512-YoX6QdtuJR/+YpP/qXf9gJXTxvSuiUlKYgW3AilsOSLlsZe/VH6ILR5vhoJM5QXY//uzIRE7NYij3h2+nG9vRQ=="],

    "typescript": ["typescript@5.9.3", "", { "bin": { "tsc": "bin/tsc", "tsserver": "bin/tsserver" } }, "sha512-jl1vZzPDinLr9eUt3J/t7V6FgNEw9QjvBPdysz9KfQDD41fQrC2Y4vKQdiaUpFT4bXlb1RHhLpp8wtm6M5TgSw=="],

    "undici-types": ["undici-types@7.18.2", "", {}, "sha512-AsuCzffGHJybSaRrmr5eHr81mwJU3kjw6M+uprWvCXiNeN9SOGwQ3Jn8jb8m3Z6izVgknn1R0FTCEAP2QrLY/w=="],

    "yaml": ["yaml@2.9.0", "", { "bin": { "yaml": "bin.mjs" } }, "sha512-2AvhNX3mb8zd6Zy7INTtSpl1F15HW6Wnqj0srWlkKLcpYl/gMIMJiyuGq2KeI2YFxUPjdlB+3Lc10seMLtL4cA=="],

    "bun-types/@types/node": ["@types/node@26.2.0", "", { "dependencies": { "undici-types": "~8.3.0" } }, "sha512-5IviulTZeRNp2vAJ514cc/HUlY5nZ9fCbq9DMyC52BrhFZACo3nI0R7qBxhQmo/d27NFe96ur/b7Wwxklda+kg=="],

    "bun-types/@types/node/undici-types": ["undici-types@8.3.0", "", {}, "sha512-j375ScV60dom+YkPFIfTLcOiPxkN/buHz5GobjLhixFuANaNs3C9l4GmrWqejgXWJ7BbJcFYpTEUkS1Ge8bpZQ=="],
  }
}
